<?xml version="1.0" encoding="utf-8"?>
<Project ToolsVersion="4.0" xmlns="http://schemas.microsoft.com/developer/msbuild/2003">
  <ItemGroup>
    <ClCompile Include="cCamera.cpp">
      <Filter>camera</Filter>
    </ClCompile>
    <ClCompile Include="cCube.cpp">
      <Filter>cube</Filter>
    </ClCompile>
    <ClCompile Include="cCubeNode.cpp">
      <Filter>cube</Filter>
    </ClCompile>
    <ClCompile Include="cCubePTN.cpp">
      <Filter>cube</Filter>
    </ClCompile>
    <ClCompile Include="cGameManager.cpp">
      <Filter>gameManager</Filter>
    </ClCompile>
    <ClCompile Include="cGameObject.cpp">
      <Filter>gameobject</Filter>
    </ClCompile>
    <ClCompile Include="cCharacter.cpp">
      <Filter>gameobject</Filter>
    </ClCompile>
    <ClCompile Include="cHeightMap.cpp">
      <Filter>HeightMap</Filter>
    </ClCompile>
    <ClCompile Include="inventory.cpp">
      <Filter>inventory</Filter>
    </ClCompile>
    <ClCompile Include="cWeapon.cpp">
      <Filter>ITEM</Filter>
    </ClCompile>
    <ClCompile Include="item_class.cpp">
      <Filter>ITEM</Filter>
    </ClCompile>
    <ClCompile Include="cAseLoader.cpp">
      <Filter>loader\ASELoader</Filter>
    </ClCompile>
    <ClCompile Include="cAseNode.cpp">
      <Filter>loader\ASELoader</Filter>
    </ClCompile>
    <ClCompile Include="cGroup.cpp">
      <Filter>loader\ObjLoader</Filter>
    </ClCompile>
    <ClCompile Include="cMtlTex.cpp">
      <Filter>loader\ObjLoader</Filter>
    </ClCompile>
    <ClCompile Include="cObjLoader.cpp">
      <Filter>loader\ObjLoader</Filter>
    </ClCompile>
    <ClCompile Include="cObjMap.cpp">
      <Filter>loader\ObjLoader</Filter>
    </ClCompile>
    <ClCompile Include="cAllocateHierarchy.cpp">
      <Filter>loader\X-File</Filter>
    </ClCompile>
    <ClCompile Include="cSkinnedMesh.cpp">
      <Filter>loader\X-File</Filter>
    </ClCompile>
    <ClCompile Include="cDeviceManager.cpp">
      <Filter>Manager</Filter>
    </ClCompile>
    <ClCompile Include="cFontManager.cpp">
      <Filter>Manager</Filter>
    </ClCompile>
    <ClCompile Include="cSkinnedMeshManager.cpp">
      <Filter>Manager</Filter>
    </ClCompile>
    <ClCompile Include="cTextureManager.cpp">
      <Filter>Manager</Filter>
    </ClCompile>
    <ClCompile Include="cTimeManager.cpp">
      <Filter>Manager</Filter>
    </ClCompile>
    <ClCompile Include="keyManager.cpp">
      <Filter>Manager</Filter>
    </ClCompile>
    <ClCompile Include="cMap.cpp">
      <Filter>map</Filter>
    </ClCompile>
    <ClCompile Include="cMaptool.cpp">
      <Filter>mapTool</Filter>
    </ClCompile>
    <ClCompile Include="cOBB.cpp">
      <Filter>OBB</Filter>
    </ClCompile>
    <ClCompile Include="cRay.cpp">
      <Filter>Picking</Filter>
    </ClCompile>
    <ClCompile Include="item_loader.cpp">
      <Filter>shop</Filter>
    </ClCompile>
    <ClCompile Include="shop_class.cpp">
      <Filter>shop</Filter>
    </ClCompile>
    <ClCompile Include="shop_TEST_CLASS.cpp">
      <Filter>shop</Filter>
    </ClCompile>
    <ClCompile Include="textparsing_class.cpp">
      <Filter>shop</Filter>
    </ClCompile>
    <ClCompile Include="wordManager.cpp">
      <Filter>shop</Filter>
    </ClCompile>
    <ClCompile Include="Button_delegate.cpp">
      <Filter>UI</Filter>
    </ClCompile>
    <ClCompile Include="cUIButton.cpp">
      <Filter>UI</Filter>
    </ClCompile>
    <ClCompile Include="cUIImage.cpp">
      <Filter>UI</Filter>
    </ClCompile>
    <ClCompile Include="cUIObject.cpp">
      <Filter>UI</Filter>
    </ClCompile>
    <ClCompile Include="cUIText.cpp">
      <Filter>UI</Filter>
    </ClCompile>
    <ClCompile Include="DragAndDrob.cpp">
      <Filter>UI</Filter>
    </ClCompile>
    <ClCompile Include="cArthasPaticle.cpp">
      <Filter>unit\enemyManager\boss\arthas</Filter>
    </ClCompile>
    <ClCompile Include="cBossAniController.cpp">
      <Filter>unit\enemyManager\boss\arthas</Filter>
    </ClCompile>
    <ClCompile Include="cBossRagController.cpp">
      <Filter>unit\enemyManager\boss\ragnaros</Filter>
    </ClCompile>
    <ClCompile Include="cRagPaticle.cpp">
      <Filter>unit\enemyManager\boss\ragnaros</Filter>
    </ClCompile>
    <ClCompile Include="cBossSkill.cpp">
      <Filter>unit\enemyManager\boss</Filter>
    </ClCompile>
    <ClCompile Include="cEnemyControl.cpp">
      <Filter>unit\enemyManager\EnemyControl</Filter>
    </ClCompile>
    <ClCompile Include="cArchDruid.cpp">
      <Filter>unit\enemyManager\쫄몹</Filter>
    </ClCompile>
    <ClCompile Include="cBoneSpider.cpp">
      <Filter>unit\enemyManager\쫄몹</Filter>
    </ClCompile>
    <ClCompile Include="cEnemyHitEffect.cpp">
      <Filter>unit\enemyManager\쫄몹</Filter>
    </ClCompile>
    <ClCompile Include="cLightningWorg.cpp">
      <Filter>unit\enemyManager\쫄몹</Filter>
    </ClCompile>
    <ClCompile Include="cMonsterParticle.cpp">
      <Filter>unit\enemyManager\쫄몹</Filter>
    </ClCompile>
    <ClCompile Include="cParticle.cpp">
      <Filter>unit\enemyManager\쫄몹</Filter>
    </ClCompile>
    <ClCompile Include="cEnemyManager.cpp">
      <Filter>unit\enemyManager</Filter>
    </ClCompile>
    <ClCompile Include="cEnemySkinnedMesh.cpp">
      <Filter>unit\enemyManager</Filter>
    </ClCompile>
    <ClCompile Include="cNpc.cpp">
      <Filter>unit\npc</Filter>
    </ClCompile>
    <ClCompile Include="cNpc_AniController.cpp">
      <Filter>unit\npc</Filter>
    </ClCompile>
    <ClCompile Include="cNpcInfo.cpp">
      <Filter>unit\npc</Filter>
    </ClCompile>
    <ClCompile Include="cEnemyPicking.cpp">
      <Filter>unit\player</Filter>
    </ClCompile>
    <ClCompile Include="cPlayer.cpp">
      <Filter>unit\player</Filter>
    </ClCompile>
    <ClCompile Include="cPlayerAniController.cpp">
      <Filter>unit\player</Filter>
    </ClCompile>
    <ClCompile Include="cPlayerInFo.cpp">
      <Filter>unit\player</Filter>
    </ClCompile>
    <ClCompile Include="cPlayerSkill.cpp">
      <Filter>unit\player</Filter>
    </ClCompile>
    <ClCompile Include="cAction.cpp">
      <Filter>보간</Filter>
    </ClCompile>
    <ClCompile Include="cActionBezier.cpp">
      <Filter>보간</Filter>
    </ClCompile>
    <ClCompile Include="cActionLinear.cpp">
      <Filter>보간</Filter>
    </ClCompile>
    <ClCompile Include="cActionRepeat.cpp">
      <Filter>보간</Filter>
    </ClCompile>
    <ClCompile Include="cActionSeq.cpp">
      <Filter>보간</Filter>
    </ClCompile>
    <ClCompile Include="cUnit.cpp">
      <Filter>unit</Filter>
    </ClCompile>
    <ClCompile Include="cPlayer_Enemy.cpp">
      <Filter>unit</Filter>
    </ClCompile>
    <ClCompile Include="cFrustum.cpp">
      <Filter>소스파일</Filter>
    </ClCompile>
    <ClCompile Include="cGrid.cpp">
      <Filter>소스파일</Filter>
    </ClCompile>
    <ClCompile Include="cMainGame.cpp">
      <Filter>소스파일</Filter>
    </ClCompile>
    <ClCompile Include="cMainLoading.cpp">
      <Filter>소스파일</Filter>
    </ClCompile>
    <ClCompile Include="cObject.cpp">
      <Filter>소스파일</Filter>
    </ClCompile>
    <ClCompile Include="cQuadTree.cpp">
      <Filter>소스파일</Filter>
    </ClCompile>
    <ClCompile Include="cScene1.cpp">
      <Filter>소스파일</Filter>
    </ClCompile>
    <ClCompile Include="cSceneManager.cpp">
      <Filter>소스파일</Filter>
    </ClCompile>
    <ClCompile Include="cStage1.cpp">
      <Filter>소스파일</Filter>
    </ClCompile>
    <ClCompile Include="D3D_base.cpp">
      <Filter>소스파일</Filter>
    </ClCompile>
    <ClCompile Include="iMap.cpp">
      <Filter>소스파일</Filter>
    </ClCompile>
    <ClCompile Include="loading.cpp">
      <Filter>소스파일</Filter>
    </ClCompile>
    <ClCompile Include="soundManager.cpp">
      <Filter>소스파일</Filter>
    </ClCompile>
    <ClCompile Include="stdafx.cpp">
      <Filter>소스파일</Filter>
    </ClCompile>
    <ClCompile Include="cMonsterBombParticle.cpp">
      <Filter>unit\enemyManager\쫄몹</Filter>
    </ClCompile>
    <ClCompile Include="cStage2.cpp">
      <Filter>소스파일</Filter>
    </ClCompile>
    <ClCompile Include="cSkyBox.cpp">
      <Filter>소스파일</Filter>
    </ClCompile>
    <ClCompile Include="cScene2.cpp" />
    <ClCompile Include="cSceneChange.cpp" />
  </ItemGroup>
  <ItemGroup>
    <ClInclude Include="cCamera.h">
      <Filter>camera</Filter>
    </ClInclude>
    <ClInclude Include="cCube.h">
      <Filter>cube</Filter>
    </ClInclude>
    <ClInclude Include="cCubeNode.h">
      <Filter>cube</Filter>
    </ClInclude>
    <ClInclude Include="cCubePTN.h">
      <Filter>cube</Filter>
    </ClInclude>
    <ClInclude Include="cGameManager.h">
      <Filter>gameManager</Filter>
    </ClInclude>
    <ClInclude Include="cGameObject.h">
      <Filter>gameobject</Filter>
    </ClInclude>
    <ClInclude Include="cCharacter.h">
      <Filter>gameobject</Filter>
    </ClInclude>
    <ClInclude Include="cHeightMap.h">
      <Filter>HeightMap</Filter>
    </ClInclude>
    <ClInclude Include="inventory.h">
      <Filter>inventory</Filter>
    </ClInclude>
    <ClInclude Include="cWeapon.h">
      <Filter>ITEM</Filter>
    </ClInclude>
    <ClInclude Include="item_class.h">
      <Filter>ITEM</Filter>
    </ClInclude>
    <ClInclude Include="Asciitok.h">
      <Filter>loader\ASELoader</Filter>
    </ClInclude>
    <ClInclude Include="cAseLoader.h">
      <Filter>loader\ASELoader</Filter>
    </ClInclude>
    <ClInclude Include="cAseNode.h">
      <Filter>loader\ASELoader</Filter>
    </ClInclude>
    <ClInclude Include="cGroup.h">
      <Filter>loader\ObjLoader</Filter>
    </ClInclude>
    <ClInclude Include="cMtlTex.h">
      <Filter>loader\ObjLoader</Filter>
    </ClInclude>
    <ClInclude Include="cObjLoader.h">
      <Filter>loader\ObjLoader</Filter>
    </ClInclude>
    <ClInclude Include="cObjMap.h">
      <Filter>loader\ObjLoader</Filter>
    </ClInclude>
    <ClInclude Include="cAllocateHierarchy.h">
      <Filter>loader\X-File</Filter>
    </ClInclude>
    <ClInclude Include="cSkinnedMesh.h">
      <Filter>loader\X-File</Filter>
    </ClInclude>
    <ClInclude Include="cDeviceManager.h">
      <Filter>Manager</Filter>
    </ClInclude>
    <ClInclude Include="cFontManager.h">
      <Filter>Manager</Filter>
    </ClInclude>
    <ClInclude Include="cSkinnedMeshManager.h">
      <Filter>Manager</Filter>
    </ClInclude>
    <ClInclude Include="cTextureManager.h">
      <Filter>Manager</Filter>
    </ClInclude>
    <ClInclude Include="cTimeManager.h">
      <Filter>Manager</Filter>
    </ClInclude>
    <ClInclude Include="keyManager.h">
      <Filter>Manager</Filter>
    </ClInclude>
    <ClInclude Include="cMap.h">
      <Filter>map</Filter>
    </ClInclude>
    <ClInclude Include="cMaptool.h">
      <Filter>mapTool</Filter>
    </ClInclude>
    <ClInclude Include="cOBB.h">
      <Filter>OBB</Filter>
    </ClInclude>
    <ClInclude Include="cRay.h">
      <Filter>Picking</Filter>
    </ClInclude>
    <ClInclude Include="item_loader.h">
      <Filter>shop</Filter>
    </ClInclude>
    <ClInclude Include="shop_class.h">
      <Filter>shop</Filter>
    </ClInclude>
    <ClInclude Include="shop_TEST_CLASS.h">
      <Filter>shop</Filter>
    </ClInclude>
    <ClInclude Include="textparsing_class.h">
      <Filter>shop</Filter>
    </ClInclude>
    <ClInclude Include="wordManager.h">
      <Filter>shop</Filter>
    </ClInclude>
    <ClInclude Include="Button_delegate.h">
      <Filter>UI</Filter>
    </ClInclude>
    <ClInclude Include="cUIButton.h">
      <Filter>UI</Filter>
    </ClInclude>
    <ClInclude Include="cUIImage.h">
      <Filter>UI</Filter>
    </ClInclude>
    <ClInclude Include="cUIObject.h">
      <Filter>UI</Filter>
    </ClInclude>
    <ClInclude Include="cUIText.h">
      <Filter>UI</Filter>
    </ClInclude>
    <ClInclude Include="DragAndDrob.h">
      <Filter>UI</Filter>
    </ClInclude>
    <ClInclude Include="cArthasPaticle.h">
      <Filter>unit\enemyManager\boss\arthas</Filter>
    </ClInclude>
    <ClInclude Include="cBossAniController.h">
      <Filter>unit\enemyManager\boss\arthas</Filter>
    </ClInclude>
    <ClInclude Include="cBossRagController.h">
      <Filter>unit\enemyManager\boss\ragnaros</Filter>
    </ClInclude>
    <ClInclude Include="cRagPaticle.h">
      <Filter>unit\enemyManager\boss\ragnaros</Filter>
    </ClInclude>
    <ClInclude Include="cBossSkill.h">
      <Filter>unit\enemyManager\boss</Filter>
    </ClInclude>
    <ClInclude Include="cEnemyControl.h">
      <Filter>unit\enemyManager\EnemyControl</Filter>
    </ClInclude>
    <ClInclude Include="cArchDruid.h">
      <Filter>unit\enemyManager\쫄몹</Filter>
    </ClInclude>
    <ClInclude Include="cBoneSpider.h">
      <Filter>unit\enemyManager\쫄몹</Filter>
    </ClInclude>
    <ClInclude Include="cEnemyHitEffect.h">
      <Filter>unit\enemyManager\쫄몹</Filter>
    </ClInclude>
    <ClInclude Include="cLightningWorg.h">
      <Filter>unit\enemyManager\쫄몹</Filter>
    </ClInclude>
    <ClInclude Include="cMonsterParticle.h">
      <Filter>unit\enemyManager\쫄몹</Filter>
    </ClInclude>
    <ClInclude Include="cParticle.h">
      <Filter>unit\enemyManager\쫄몹</Filter>
    </ClInclude>
    <ClInclude Include="cEnemyManager.h">
      <Filter>unit\enemyManager</Filter>
    </ClInclude>
    <ClInclude Include="cEnemySkinnedMesh.h">
      <Filter>unit\enemyManager</Filter>
    </ClInclude>
    <ClInclude Include="cNpc.h">
      <Filter>unit\npc</Filter>
    </ClInclude>
    <ClInclude Include="cNpc_AniController.h">
      <Filter>unit\npc</Filter>
    </ClInclude>
    <ClInclude Include="cNpcInfo.h">
      <Filter>unit\npc</Filter>
    </ClInclude>
    <ClInclude Include="cEnemyPicking.h">
      <Filter>unit\player</Filter>
    </ClInclude>
    <ClInclude Include="cPlayer.h">
      <Filter>unit\player</Filter>
    </ClInclude>
    <ClInclude Include="cPlayerAniController.h">
      <Filter>unit\player</Filter>
    </ClInclude>
    <ClInclude Include="cPlayerInFo.h">
      <Filter>unit\player</Filter>
    </ClInclude>
    <ClInclude Include="cPlayerSkill.h">
      <Filter>unit\player</Filter>
    </ClInclude>
    <ClInclude Include="cAction.h">
      <Filter>보간</Filter>
    </ClInclude>
    <ClInclude Include="cActionBezier.h">
      <Filter>보간</Filter>
    </ClInclude>
    <ClInclude Include="cActionLinear.h">
      <Filter>보간</Filter>
    </ClInclude>
    <ClInclude Include="cActionRepeat.h">
      <Filter>보간</Filter>
    </ClInclude>
    <ClInclude Include="cActionSeq.h">
      <Filter>보간</Filter>
    </ClInclude>
    <ClInclude Include="cFrustum.h">
      <Filter>헤더파일</Filter>
    </ClInclude>
    <ClInclude Include="cGrid.h">
      <Filter>헤더파일</Filter>
    </ClInclude>
    <ClInclude Include="cMainGame.h">
      <Filter>헤더파일</Filter>
    </ClInclude>
    <ClInclude Include="cMainLoading.h">
      <Filter>헤더파일</Filter>
    </ClInclude>
    <ClInclude Include="cObject.h">
      <Filter>헤더파일</Filter>
    </ClInclude>
    <ClInclude Include="cQuadTree.h">
      <Filter>헤더파일</Filter>
    </ClInclude>
    <ClInclude Include="cScene1.h">
      <Filter>헤더파일</Filter>
    </ClInclude>
    <ClInclude Include="cSceneManager.h">
      <Filter>헤더파일</Filter>
    </ClInclude>
    <ClInclude Include="cStage1.h">
      <Filter>헤더파일</Filter>
    </ClInclude>
    <ClInclude Include="targetver.h">
      <Filter>헤더파일</Filter>
    </ClInclude>
    <ClInclude Include="stdafx.h">
      <Filter>헤더파일</Filter>
    </ClInclude>
    <ClInclude Include="cUnit.h">
      <Filter>unit</Filter>
    </ClInclude>
    <ClInclude Include="cPlayer_Enemy.h">
      <Filter>unit</Filter>
    </ClInclude>
    <ClInclude Include="D3D_base.h">
      <Filter>리소스파일</Filter>
    </ClInclude>
    <ClInclude Include="iMap.h">
      <Filter>헤더파일</Filter>
    </ClInclude>
    <ClInclude Include="loading.h">
      <Filter>헤더파일</Filter>
    </ClInclude>
    <ClInclude Include="Resource.h">
      <Filter>헤더파일</Filter>
    </ClInclude>
    <ClInclude Include="singletonBase.h">
      <Filter>헤더파일</Filter>
    </ClInclude>
    <ClInclude Include="soundManager.h">
      <Filter>헤더파일</Filter>
    </ClInclude>
    <ClInclude Include="cMonsterBombParticle.h">
      <Filter>unit\enemyManager\쫄몹</Filter>
    </ClInclude>
    <ClInclude Include="cStage2.h">
      <Filter>헤더파일</Filter>
    </ClInclude>
    <ClInclude Include="cSkyBox.h">
      <Filter>헤더파일</Filter>
    </ClInclude>
    <ClInclude Include="cScene2.h" />
    <ClInclude Include="cSceneChange.h" />
  </ItemGroup>
  <ItemGroup>
    <Image Include="D3D_base.ico">
      <Filter>리소스파일</Filter>
    </Image>
    <Image Include="small.ico">
      <Filter>리소스파일</Filter>
    </Image>
  </ItemGroup>
  <ItemGroup>
    <Text Include="ReadMe.txt" />
  </ItemGroup>
  <ItemGroup>
    <Filter Include="camera">
      <UniqueIdentifier>{7c5a8af6-9b31-4138-8b09-47da34fd0255}</UniqueIdentifier>
    </Filter>
    <Filter Include="cube">
      <UniqueIdentifier>{71a9eecc-d1ba-418f-b660-daca582fc164}</UniqueIdentifier>
    </Filter>
    <Filter Include="gameManager">
      <UniqueIdentifier>{eb75eb3d-404c-4968-a201-f77eb308bc71}</UniqueIdentifier>
    </Filter>
    <Filter Include="gameobject">
      <UniqueIdentifier>{96c97365-e17b-47e0-96c0-e673428603b5}</UniqueIdentifier>
    </Filter>
    <Filter Include="HeightMap">
      <UniqueIdentifier>{da62bb84-5ca3-4f39-a317-1e0450364ebd}</UniqueIdentifier>
    </Filter>
    <Filter Include="inventory">
      <UniqueIdentifier>{851f0cbe-2b28-41cf-b5f3-45c1c60805b1}</UniqueIdentifier>
    </Filter>
    <Filter Include="ITEM">
      <UniqueIdentifier>{1e4e2894-9162-46b8-b2c9-6cfffc7417d8}</UniqueIdentifier>
    </Filter>
    <Filter Include="loader">
      <UniqueIdentifier>{e85dcbd3-bfd9-4e44-9113-ce0f005bd15a}</UniqueIdentifier>
    </Filter>
    <Filter Include="Manager">
      <UniqueIdentifier>{98a01491-7e1f-43ed-be15-c8177ab53f8e}</UniqueIdentifier>
    </Filter>
    <Filter Include="map">
      <UniqueIdentifier>{b3579548-11ff-41e9-8d71-30e156852719}</UniqueIdentifier>
    </Filter>
    <Filter Include="mapTool">
      <UniqueIdentifier>{f2ac0e25-e831-4c4d-a3b7-e8c909ece4a9}</UniqueIdentifier>
    </Filter>
    <Filter Include="OBB">
      <UniqueIdentifier>{036eaa0a-38b7-45ed-977f-bee4764096ba}</UniqueIdentifier>
    </Filter>
    <Filter Include="Picking">
      <UniqueIdentifier>{cd0194b5-fcc4-4c56-a58d-763c669f87f1}</UniqueIdentifier>
    </Filter>
    <Filter Include="shop">
      <UniqueIdentifier>{ecf645b0-72cc-43b0-b64f-c9a2032374ca}</UniqueIdentifier>
    </Filter>
    <Filter Include="UI">
      <UniqueIdentifier>{a2e470bd-0e7e-4578-bb8e-c8bdb73d7e48}</UniqueIdentifier>
    </Filter>
    <Filter Include="unit">
      <UniqueIdentifier>{df6e8091-994f-4cc1-9b98-34599237436b}</UniqueIdentifier>
    </Filter>
    <Filter Include="loader\ASELoader">
      <UniqueIdentifier>{d93354d9-d00f-4819-b876-eccdffd0ef32}</UniqueIdentifier>
    </Filter>
    <Filter Include="loader\ObjLoader">
      <UniqueIdentifier>{c23fbdf7-b80e-469e-ad66-5ee41787b430}</UniqueIdentifier>
    </Filter>
    <Filter Include="loader\X-File">
      <UniqueIdentifier>{8e42fa8e-1601-430d-96c6-13e7f9a6b98b}</UniqueIdentifier>
    </Filter>
    <Filter Include="unit\enemyManager">
      <UniqueIdentifier>{1fdf6f95-8128-44be-aff6-a6383747db27}</UniqueIdentifier>
    </Filter>
    <Filter Include="unit\enemyManager\boss">
      <UniqueIdentifier>{6926a47c-e562-4d2e-bc02-95945f84d8f1}</UniqueIdentifier>
    </Filter>
    <Filter Include="unit\enemyManager\boss\arthas">
      <UniqueIdentifier>{8f9c9c46-7c62-4aa4-9f7a-a11b5840dffb}</UniqueIdentifier>
    </Filter>
    <Filter Include="unit\enemyManager\boss\ragnaros">
      <UniqueIdentifier>{7c29c445-265f-4d51-9831-a457026de08b}</UniqueIdentifier>
    </Filter>
    <Filter Include="unit\enemyManager\EnemyControl">
      <UniqueIdentifier>{87e18fdb-fce8-449f-94ef-bc708a00b401}</UniqueIdentifier>
    </Filter>
    <Filter Include="unit\enemyManager\쫄몹">
      <UniqueIdentifier>{d05a9a47-3a54-4834-ac57-eea800e7596b}</UniqueIdentifier>
    </Filter>
    <Filter Include="unit\npc">
      <UniqueIdentifier>{e31f4c37-42b9-47a6-88d9-e80b6d681b4e}</UniqueIdentifier>
    </Filter>
    <Filter Include="unit\player">
      <UniqueIdentifier>{8e02c2b6-fc40-41ad-be22-eb0de3d2ed03}</UniqueIdentifier>
    </Filter>
    <Filter Include="보간">
      <UniqueIdentifier>{1817168a-8586-4f8f-ac58-f7c44d14e361}</UniqueIdentifier>
    </Filter>
    <Filter Include="헤더파일">
      <UniqueIdentifier>{c4af2a90-6981-4738-85f3-fa8c0ac8360c}</UniqueIdentifier>
    </Filter>
    <Filter Include="리소스파일">
      <UniqueIdentifier>{03d9a1ad-a97b-4bb8-b2da-794180db393e}</UniqueIdentifier>
    </Filter>
    <Filter Include="소스파일">
      <UniqueIdentifier>{74297a3b-84f7-486b-8782-ae4d68357206}</UniqueIdentifier>
    </Filter>
  </ItemGroup>
  <ItemGroup>
    <ResourceCompile Include="D3D_base.rc">
      <Filter>리소스파일</Filter>
    </ResourceCompile>
  </ItemGroup>
</Project>